<?xml version="1.0" encoding="utf-8"?>
<Project ToolsVersion="4.0" xmlns="http://schemas.microsoft.com/developer/msbuild/2003">
  <ItemGroup>
    <Filter Include="Source Files">
      <UniqueIdentifier>{4FC737F1-C7A5-4376-A066-2A32D752A2FF}</UniqueIdentifier>
      <Extensions>cpp;c;cc;cxx;def;odl;idl;hpj;bat;asm;asmx</Extensions>
    </Filter>
    <Filter Include="Header Files">
      <UniqueIdentifier>{93995380-89BD-4b04-88EB-625FBE52EBFB}</UniqueIdentifier>
      <Extensions>h;hh;hpp;hxx;hm;inl;inc;xsd</Extensions>
    </Filter>
    <Filter Include="Resource Files">
      <UniqueIdentifier>{67DA6AB6-F800-4c08-8B7A-83BB121AAD01}</UniqueIdentifier>
      <Extensions>rc;ico;cur;bmp;dlg;rc2;rct;bin;rgs;gif;jpg;jpeg;jpe;resx;tiff;tif;png;wav;mfcribbon-ms</Extensions>
    </Filter>
  </ItemGroup>
  <ItemGroup>
    <None Include="Sketch1.ino" />
    <None Include="..\..\Marlin-1.1.x\Marlin\Makefile" />
    <None Include="..\..\Marlin-1.1.x\Marlin\Marlin.ino" />
  </ItemGroup>
  <ItemGroup>
    <ClInclude Include="__vm\.Sketch1.vsarduino.h">
      <Filter>Header Files</Filter>
    </ClInclude>
    <ClInclude Include="..\..\Marlin-1.1.x\Marlin\bitmap_flags.h">
      <Filter>Header Files</Filter>
    </ClInclude>
    <ClInclude Include="..\..\Marlin-1.1.x\Marlin\blinkm.h">
      <Filter>Header Files</Filter>
    </ClInclude>
    <ClInclude Include="..\..\Marlin-1.1.x\Marlin\boards.h">
      <Filter>Header Files</Filter>
    </ClInclude>
    <ClInclude Include="..\..\Marlin-1.1.x\Marlin\buzzer.h">
      <Filter>Header Files</Filter>
    </ClInclude>
    <ClInclude Include="..\..\Marlin-1.1.x\Marlin\cardreader.h">
      <Filter>Header Files</Filter>
    </ClInclude>
    <ClInclude Include="..\..\Marlin-1.1.x\Marlin\circularqueue.h">
      <Filter>Header Files</Filter>
    </ClInclude>
    <ClInclude Include="..\..\Marlin-1.1.x\Marlin\Conditionals.h">
      <Filter>Header Files</Filter>
    </ClInclude>
    <ClInclude Include="..\..\Marlin-1.1.x\Marlin\Conditionals_LCD.h">
      <Filter>Header Files</Filter>
    </ClInclude>
    <ClInclude Include="..\..\Marlin-1.1.x\Marlin\Conditionals_post.h">
      <Filter>Header Files</Filter>
    </ClInclude>
    <ClInclude Include="..\..\Marlin-1.1.x\Marlin\Configuration.h">
      <Filter>Header Files</Filter>
    </ClInclude>
    <ClInclude Include="..\..\Marlin-1.1.x\Marlin\Configuration_adv.h">
      <Filter>Header Files</Filter>
    </ClInclude>
    <ClInclude Include="..\..\Marlin-1.1.x\Marlin\configuration_store.h">
      <Filter>Header Files</Filter>
    </ClInclude>
    <ClInclude Include="..\..\Marlin-1.1.x\Marlin\dac_mcp4728.h">
      <Filter>Header Files</Filter>
    </ClInclude>
    <ClInclude Include="..\..\Marlin-1.1.x\Marlin\delay.h">
      <Filter>Header Files</Filter>
    </ClInclude>
    <ClInclude Include="..\..\Marlin-1.1.x\Marlin\dogm_bitmaps.h">
      <Filter>Header Files</Filter>
    </ClInclude>
    <ClInclude Include="..\..\Marlin-1.1.x\Marlin\dogm_font_data_6x9_marlin.h">
      <Filter>Header Files</Filter>
    </ClInclude>
    <ClInclude Include="..\..\Marlin-1.1.x\Marlin\dogm_font_data_HD44780_C.h">
      <Filter>Header Files</Filter>
    </ClInclude>
    <ClInclude Include="..\..\Marlin-1.1.x\Marlin\dogm_font_data_HD44780_J.h">
      <Filter>Header Files</Filter>
    </ClInclude>
    <ClInclude Include="..\..\Marlin-1.1.x\Marlin\dogm_font_data_HD44780_W.h">
      <Filter>Header Files</Filter>
    </ClInclude>
    <ClInclude Include="..\..\Marlin-1.1.x\Marlin\dogm_font_data_ISO10646_1.h">
      <Filter>Header Files</Filter>
    </ClInclude>
    <ClInclude Include="..\..\Marlin-1.1.x\Marlin\dogm_font_data_ISO10646_1_PL.h">
      <Filter>Header Files</Filter>
    </ClInclude>
    <ClInclude Include="..\..\Marlin-1.1.x\Marlin\dogm_font_data_ISO10646_1_tr.h">
      <Filter>Header Files</Filter>
    </ClInclude>
    <ClInclude Include="..\..\Marlin-1.1.x\Marlin\dogm_font_data_ISO10646_5_Cyrillic.h">
      <Filter>Header Files</Filter>
    </ClInclude>
    <ClInclude Include="..\..\Marlin-1.1.x\Marlin\dogm_font_data_ISO10646_CN.h">
      <Filter>Header Files</Filter>
    </ClInclude>
    <ClInclude Include="..\..\Marlin-1.1.x\Marlin\dogm_font_data_ISO10646_CZ.h">
      <Filter>Header Files</Filter>
    </ClInclude>
    <ClInclude Include="..\..\Marlin-1.1.x\Marlin\dogm_font_data_ISO10646_Greek.h">
      <Filter>Header Files</Filter>
    </ClInclude>
    <ClInclude Include="..\..\Marlin-1.1.x\Marlin\dogm_font_data_ISO10646_Kana.h">
      <Filter>Header Files</Filter>
    </ClInclude>
    <ClInclude Include="..\..\Marlin-1.1.x\Marlin\dogm_font_data_ISO10646_ko_KR.h">
      <Filter>Header Files</Filter>
    </ClInclude>
    <ClInclude Include="..\..\Marlin-1.1.x\Marlin\dogm_font_data_ISO10646_SK.h">
      <Filter>Header Files</Filter>
    </ClInclude>
    <ClInclude Include="..\..\Marlin-1.1.x\Marlin\dogm_font_data_Marlin_symbols.h">
      <Filter>Header Files</Filter>
    </ClInclude>
    <ClInclude Include="..\..\Marlin-1.1.x\Marlin\drivers.h">
      <Filter>Header Files</Filter>
    </ClInclude>
    <ClInclude Include="..\..\Marlin-1.1.x\Marlin\duration_t.h">
      <Filter>Header Files</Filter>
    </ClInclude>
    <ClInclude Include="..\..\Marlin-1.1.x\Marlin\emergency_parser.h">
      <Filter>Header Files</Filter>
    </ClInclude>
    <ClInclude Include="..\..\Marlin-1.1.x\Marlin\endstop_interrupts.h">
      <Filter>Header Files</Filter>
    </ClInclude>
    <ClInclude Include="..\..\Marlin-1.1.x\Marlin\endstops.h">
      <Filter>Header Files</Filter>
    </ClInclude>
    <ClInclude Include="..\..\Marlin-1.1.x\Marlin\enum.h">
      <Filter>Header Files</Filter>
    </ClInclude>
    <ClInclude Include="..\..\Marlin-1.1.x\Marlin\fastio.h">
      <Filter>Header Files</Filter>
    </ClInclude>
    <ClInclude Include="..\..\Marlin-1.1.x\Marlin\fastio_168.h">
      <Filter>Header Files</Filter>
    </ClInclude>
    <ClInclude Include="..\..\Marlin-1.1.x\Marlin\fastio_644.h">
      <Filter>Header Files</Filter>
    </ClInclude>
    <ClInclude Include="..\..\Marlin-1.1.x\Marlin\fastio_1280.h">
      <Filter>Header Files</Filter>
    </ClInclude>
    <ClInclude Include="..\..\Marlin-1.1.x\Marlin\fastio_1281.h">
      <Filter>Header Files</Filter>
    </ClInclude>
    <ClInclude Include="..\..\Marlin-1.1.x\Marlin\fastio_AT90USB.h">
      <Filter>Header Files</Filter>
    </ClInclude>
    <ClInclude Include="..\..\Marlin-1.1.x\Marlin\fwretract.h">
      <Filter>Header Files</Filter>
    </ClInclude>
    <ClInclude Include="..\..\Marlin-1.1.x\Marlin\HAL.h">
      <Filter>Header Files</Filter>
    </ClInclude>
    <ClInclude Include="..\..\Marlin-1.1.x\Marlin\hex_print_routines.h">
      <Filter>Header Files</Filter>
    </ClInclude>
    <ClInclude Include="..\..\Marlin-1.1.x\Marlin\I2CPositionEncoder.h">
      <Filter>Header Files</Filter>
    </ClInclude>
    <ClInclude Include="..\..\Marlin-1.1.x\Marlin\language.h">
      <Filter>Header Files</Filter>
    </ClInclude>
    <ClInclude Include="..\..\Marlin-1.1.x\Marlin\language_an.h">
      <Filter>Header Files</Filter>
    </ClInclude>
    <ClInclude Include="..\..\Marlin-1.1.x\Marlin\language_bg.h">
      <Filter>Header Files</Filter>
    </ClInclude>
    <ClInclude Include="..\..\Marlin-1.1.x\Marlin\language_ca.h">
      <Filter>Header Files</Filter>
    </ClInclude>
    <ClInclude Include="..\..\Marlin-1.1.x\Marlin\language_cn.h">
      <Filter>Header Files</Filter>
    </ClInclude>
    <ClInclude Include="..\..\Marlin-1.1.x\Marlin\language_cz.h">
      <Filter>Header Files</Filter>
    </ClInclude>
    <ClInclude Include="..\..\Marlin-1.1.x\Marlin\language_cz_utf8.h">
      <Filter>Header Files</Filter>
    </ClInclude>
    <ClInclude Include="..\..\Marlin-1.1.x\Marlin\language_da.h">
      <Filter>Header Files</Filter>
    </ClInclude>
    <ClInclude Include="..\..\Marlin-1.1.x\Marlin\language_de.h">
      <Filter>Header Files</Filter>
    </ClInclude>
    <ClInclude Include="..\..\Marlin-1.1.x\Marlin\language_el.h">
      <Filter>Header Files</Filter>
    </ClInclude>
    <ClInclude Include="..\..\Marlin-1.1.x\Marlin\language_el-gr.h">
      <Filter>Header Files</Filter>
    </ClInclude>
    <ClInclude Include="..\..\Marlin-1.1.x\Marlin\language_en.h">
      <Filter>Header Files</Filter>
    </ClInclude>
    <ClInclude Include="..\..\Marlin-1.1.x\Marlin\language_es.h">
      <Filter>Header Files</Filter>
    </ClInclude>
    <ClInclude Include="..\..\Marlin-1.1.x\Marlin\language_es_utf8.h">
      <Filter>Header Files</Filter>
    </ClInclude>
    <ClInclude Include="..\..\Marlin-1.1.x\Marlin\language_eu.h">
      <Filter>Header Files</Filter>
    </ClInclude>
    <ClInclude Include="..\..\Marlin-1.1.x\Marlin\language_fi.h">
      <Filter>Header Files</Filter>
    </ClInclude>
    <ClInclude Include="..\..\Marlin-1.1.x\Marlin\language_fr.h">
      <Filter>Header Files</Filter>
    </ClInclude>
    <ClInclude Include="..\..\Marlin-1.1.x\Marlin\language_fr_utf8.h">
      <Filter>Header Files</Filter>
    </ClInclude>
    <ClInclude Include="..\..\Marlin-1.1.x\Marlin\language_gl.h">
      <Filter>Header Files</Filter>
    </ClInclude>
    <ClInclude Include="..\..\Marlin-1.1.x\Marlin\language_hr.h">
      <Filter>Header Files</Filter>
    </ClInclude>
    <ClInclude Include="..\..\Marlin-1.1.x\Marlin\language_it.h">
      <Filter>Header Files</Filter>
    </ClInclude>
    <ClInclude Include="..\..\Marlin-1.1.x\Marlin\language_kana.h">
      <Filter>Header Files</Filter>
    </ClInclude>
    <ClInclude Include="..\..\Marlin-1.1.x\Marlin\language_kana_utf8.h">
      <Filter>Header Files</Filter>
    </ClInclude>
    <ClInclude Include="..\..\Marlin-1.1.x\Marlin\language_ko_KR.h">
      <Filter>Header Files</Filter>
    </ClInclude>
    <ClInclude Include="..\..\Marlin-1.1.x\Marlin\language_nl.h">
      <Filter>Header Files</Filter>
    </ClInclude>
    <ClInclude Include="..\..\Marlin-1.1.x\Marlin\language_pl.h">
      <Filter>Header Files</Filter>
    </ClInclude>
    <ClInclude Include="..\..\Marlin-1.1.x\Marlin\language_pl_utf8.h">
      <Filter>Header Files</Filter>
    </ClInclude>
    <ClInclude Include="..\..\Marlin-1.1.x\Marlin\language_pl-DOGM.h">
      <Filter>Header Files</Filter>
    </ClInclude>
    <ClInclude Include="..\..\Marlin-1.1.x\Marlin\language_pl-HD44780.h">
      <Filter>Header Files</Filter>
    </ClInclude>
    <ClInclude Include="..\..\Marlin-1.1.x\Marlin\language_pt.h">
      <Filter>Header Files</Filter>
    </ClInclude>
    <ClInclude Include="..\..\Marlin-1.1.x\Marlin\language_pt_utf8.h">
      <Filter>Header Files</Filter>
    </ClInclude>
    <ClInclude Include="..\..\Marlin-1.1.x\Marlin\language_pt-br.h">
      <Filter>Header Files</Filter>
    </ClInclude>
    <ClInclude Include="..\..\Marlin-1.1.x\Marlin\language_pt-br_utf8.h">
      <Filter>Header Files</Filter>
    </ClInclude>
    <ClInclude Include="..\..\Marlin-1.1.x\Marlin\language_ru.h">
      <Filter>Header Files</Filter>
    </ClInclude>
    <ClInclude Include="..\..\Marlin-1.1.x\Marlin\language_sk_utf8.h">
      <Filter>Header Files</Filter>
    </ClInclude>
    <ClInclude Include="..\..\Marlin-1.1.x\Marlin\language_test.h">
      <Filter>Header Files</Filter>
    </ClInclude>
    <ClInclude Include="..\..\Marlin-1.1.x\Marlin\language_tr.h">
      <Filter>Header Files</Filter>
    </ClInclude>
    <ClInclude Include="..\..\Marlin-1.1.x\Marlin\language_uk.h">
      <Filter>Header Files</Filter>
    </ClInclude>
    <ClInclude Include="..\..\Marlin-1.1.x\Marlin\language_zh_CN.h">
      <Filter>Header Files</Filter>
    </ClInclude>
    <ClInclude Include="..\..\Marlin-1.1.x\Marlin\language_zh_TW.h">
      <Filter>Header Files</Filter>
    </ClInclude>
    <ClInclude Include="..\..\Marlin-1.1.x\Marlin\least_squares_fit.h">
      <Filter>Header Files</Filter>
    </ClInclude>
    <ClInclude Include="..\..\Marlin-1.1.x\Marlin\leds.h">
      <Filter>Header Files</Filter>
    </ClInclude>
    <ClInclude Include="..\..\Marlin-1.1.x\Marlin\macros.h">
      <Filter>Header Files</Filter>
    </ClInclude>
    <ClInclude Include="..\..\Marlin-1.1.x\Marlin\Marlin.h">
      <Filter>Header Files</Filter>
    </ClInclude>
    <ClInclude Include="..\..\Marlin-1.1.x\Marlin\MarlinConfig.h">
      <Filter>Header Files</Filter>
    </ClInclude>
    <ClInclude Include="..\..\Marlin-1.1.x\Marlin\MarlinSerial.h">
      <Filter>Header Files</Filter>
    </ClInclude>
    <ClInclude Include="..\..\Marlin-1.1.x\Marlin\MarlinSPI.h">
      <Filter>Header Files</Filter>
    </ClInclude>
    <ClInclude Include="..\..\Marlin-1.1.x\Marlin\Max7219_Debug_LEDs.h">
      <Filter>Header Files</Filter>
    </ClInclude>
    <ClInclude Include="..\..\Marlin-1.1.x\Marlin\mesh_bed_leveling.h">
      <Filter>Header Files</Filter>
    </ClInclude>
    <ClInclude Include="..\..\Marlin-1.1.x\Marlin\neopixel.h">
      <Filter>Header Files</Filter>
    </ClInclude>
    <ClInclude Include="..\..\Marlin-1.1.x\Marlin\nozzle.h">
      <Filter>Header Files</Filter>
    </ClInclude>
    <ClInclude Include="..\..\Marlin-1.1.x\Marlin\parser.h">
      <Filter>Header Files</Filter>
    </ClInclude>
    <ClInclude Include="..\..\Marlin-1.1.x\Marlin\pca9632.h">
      <Filter>Header Files</Filter>
    </ClInclude>
    <ClInclude Include="..\..\Marlin-1.1.x\Marlin\pins.h">
      <Filter>Header Files</Filter>
    </ClInclude>
    <ClInclude Include="..\..\Marlin-1.1.x\Marlin\pins_3DRAG.h">
      <Filter>Header Files</Filter>
    </ClInclude>
    <ClInclude Include="..\..\Marlin-1.1.x\Marlin\pins_5DPRINT.h">
      <Filter>Header Files</Filter>
    </ClInclude>
    <ClInclude Include="..\..\Marlin-1.1.x\Marlin\pins_ANET_10.h">
      <Filter>Header Files</Filter>
    </ClInclude>
    <ClInclude Include="..\..\Marlin-1.1.x\Marlin\pins_AZTEEG_X1.h">
      <Filter>Header Files</Filter>
    </ClInclude>
    <ClInclude Include="..\..\Marlin-1.1.x\Marlin\pins_AZTEEG_X3.h">
      <Filter>Header Files</Filter>
    </ClInclude>
    <ClInclude Include="..\..\Marlin-1.1.x\Marlin\pins_AZTEEG_X3_PRO.h">
      <Filter>Header Files</Filter>
    </ClInclude>
    <ClInclude Include="..\..\Marlin-1.1.x\Marlin\pins_BAM_DICE_DUE.h">
      <Filter>Header Files</Filter>
    </ClInclude>
    <ClInclude Include="..\..\Marlin-1.1.x\Marlin\pins_BQ_ZUM_MEGA_3D.h">
      <Filter>Header Files</Filter>
    </ClInclude>
    <ClInclude Include="..\..\Marlin-1.1.x\Marlin\pins_BRAINWAVE.h">
      <Filter>Header Files</Filter>
    </ClInclude>
    <ClInclude Include="..\..\Marlin-1.1.x\Marlin\pins_BRAINWAVE_PRO.h">
      <Filter>Header Files</Filter>
    </ClInclude>
    <ClInclude Include="..\..\Marlin-1.1.x\Marlin\pins_CHEAPTRONIC.h">
      <Filter>Header Files</Filter>
    </ClInclude>
    <ClInclude Include="..\..\Marlin-1.1.x\Marlin\pins_CHEAPTRONICv2.h">
      <Filter>Header Files</Filter>
    </ClInclude>
    <ClInclude Include="..\..\Marlin-1.1.x\Marlin\pins_CNCONTROLS_11.h">
      <Filter>Header Files</Filter>
    </ClInclude>
    <ClInclude Include="..\..\Marlin-1.1.x\Marlin\pins_CNCONTROLS_12.h">
      <Filter>Header Files</Filter>
    </ClInclude>
    <ClInclude Include="..\..\Marlin-1.1.x\Marlin\pins_EINSY_RAMBO.h">
      <Filter>Header Files</Filter>
    </ClInclude>
    <ClInclude Include="..\..\Marlin-1.1.x\Marlin\pins_EINSY_RETRO.h">
      <Filter>Header Files</Filter>
    </ClInclude>
    <ClInclude Include="..\..\Marlin-1.1.x\Marlin\pins_ELEFU_3.h">
      <Filter>Header Files</Filter>
    </ClInclude>
    <ClInclude Include="..\..\Marlin-1.1.x\Marlin\pins_FELIX2.h">
      <Filter>Header Files</Filter>
    </ClInclude>
    <ClInclude Include="..\..\Marlin-1.1.x\Marlin\pins_GEN3_MONOLITHIC.h">
      <Filter>Header Files</Filter>
    </ClInclude>
    <ClInclude Include="..\..\Marlin-1.1.x\Marlin\pins_GEN3_PLUS.h">
      <Filter>Header Files</Filter>
    </ClInclude>
    <ClInclude Include="..\..\Marlin-1.1.x\Marlin\pins_GEN6.h">
      <Filter>Header Files</Filter>
    </ClInclude>
    <ClInclude Include="..\..\Marlin-1.1.x\Marlin\pins_GEN6_DELUXE.h">
      <Filter>Header Files</Filter>
    </ClInclude>
    <ClInclude Include="..\..\Marlin-1.1.x\Marlin\pins_GEN7_12.h">
      <Filter>Header Files</Filter>
    </ClInclude>
    <ClInclude Include="..\..\Marlin-1.1.x\Marlin\pins_GEN7_13.h">
      <Filter>Header Files</Filter>
    </ClInclude>
    <ClInclude Include="..\..\Marlin-1.1.x\Marlin\pins_GEN7_14.h">
      <Filter>Header Files</Filter>
    </ClInclude>
    <ClInclude Include="..\..\Marlin-1.1.x\Marlin\pins_GEN7_CUSTOM.h">
      <Filter>Header Files</Filter>
    </ClInclude>
    <ClInclude Include="..\..\Marlin-1.1.x\Marlin\pins_GT2560_REV_A.h">
      <Filter>Header Files</Filter>
    </ClInclude>
    <ClInclude Include="..\..\Marlin-1.1.x\Marlin\pins_GT2560_REV_A_PLUS.h">
      <Filter>Header Files</Filter>
    </ClInclude>
    <ClInclude Include="..\..\Marlin-1.1.x\Marlin\pins_K8200.h">
      <Filter>Header Files</Filter>
    </ClInclude>
    <ClInclude Include="..\..\Marlin-1.1.x\Marlin\pins_K8400.h">
      <Filter>Header Files</Filter>
    </ClInclude>
    <ClInclude Include="..\..\Marlin-1.1.x\Marlin\pins_LEAPFROG.h">
      <Filter>Header Files</Filter>
    </ClInclude>
    <ClInclude Include="..\..\Marlin-1.1.x\Marlin\pins_MAKEBOARD_MINI.h">
      <Filter>Header Files</Filter>
    </ClInclude>
    <ClInclude Include="..\..\Marlin-1.1.x\Marlin\pins_MEGACONTROLLER.h">
      <Filter>Header Files</Filter>
    </ClInclude>
    <ClInclude Include="..\..\Marlin-1.1.x\Marlin\pins_MEGATRONICS.h">
      <Filter>Header Files</Filter>
    </ClInclude>
    <ClInclude Include="..\..\Marlin-1.1.x\Marlin\pins_MEGATRONICS_2.h">
      <Filter>Header Files</Filter>
    </ClInclude>
    <ClInclude Include="..\..\Marlin-1.1.x\Marlin\pins_MEGATRONICS_3.h">
      <Filter>Header Files</Filter>
    </ClInclude>
    <ClInclude Include="..\..\Marlin-1.1.x\Marlin\pins_MELZI.h">
      <Filter>Header Files</Filter>
    </ClInclude>
    <ClInclude Include="..\..\Marlin-1.1.x\Marlin\pins_MELZI_CREALITY.h">
      <Filter>Header Files</Filter>
    </ClInclude>
    <ClInclude Include="..\..\Marlin-1.1.x\Marlin\pins_MELZI_MAKR3D.h">
      <Filter>Header Files</Filter>
    </ClInclude>
    <ClInclude Include="..\..\Marlin-1.1.x\Marlin\pins_MELZI_MALYAN.h">
      <Filter>Header Files</Filter>
    </ClInclude>
    <ClInclude Include="..\..\Marlin-1.1.x\Marlin\pins_MELZI_TRONXY.h">
      <Filter>Header Files</Filter>
    </ClInclude>
    <ClInclude Include="..\..\Marlin-1.1.x\Marlin\pins_MIGHTYBOARD_REVE.h">
      <Filter>Header Files</Filter>
    </ClInclude>
    <ClInclude Include="..\..\Marlin-1.1.x\Marlin\pins_MINIRAMBO.h">
      <Filter>Header Files</Filter>
    </ClInclude>
    <ClInclude Include="..\..\Marlin-1.1.x\Marlin\pins_MINITRONICS.h">
      <Filter>Header Files</Filter>
    </ClInclude>
    <ClInclude Include="..\..\Marlin-1.1.x\Marlin\pins_MKS_BASE.h">
      <Filter>Header Files</Filter>
    </ClInclude>
    <ClInclude Include="..\..\Marlin-1.1.x\Marlin\pins_MKS_BASE_15.h">
      <Filter>Header Files</Filter>
    </ClInclude>
    <ClInclude Include="..\..\Marlin-1.1.x\Marlin\pins_MKS_BASE_HEROIC.h">
      <Filter>Header Files</Filter>
    </ClInclude>
    <ClInclude Include="..\..\Marlin-1.1.x\Marlin\pins_MKS_GEN_13.h">
      <Filter>Header Files</Filter>
    </ClInclude>
    <ClInclude Include="..\..\Marlin-1.1.x\Marlin\pins_MKS_GEN_L.h">
      <Filter>Header Files</Filter>
    </ClInclude>
    <ClInclude Include="..\..\Marlin-1.1.x\Marlin\pins_MKS_GEN_L_V2.h">
      <Filter>Header Files</Filter>
    </ClInclude>
    <ClInclude Include="..\..\Marlin-1.1.x\Marlin\pins_OMCA.h">
      <Filter>Header Files</Filter>
    </ClInclude>
    <ClInclude Include="..\..\Marlin-1.1.x\Marlin\pins_OMCA_A.h">
      <Filter>Header Files</Filter>
    </ClInclude>
    <ClInclude Include="..\..\Marlin-1.1.x\Marlin\pins_PRINTRBOARD.h">
      <Filter>Header Files</Filter>
    </ClInclude>
    <ClInclude Include="..\..\Marlin-1.1.x\Marlin\pins_PRINTRBOARD_REVF.h">
      <Filter>Header Files</Filter>
    </ClInclude>
    <ClInclude Include="..\..\Marlin-1.1.x\Marlin\pins_RAMBO.h">
      <Filter>Header Files</Filter>
    </ClInclude>
    <ClInclude Include="..\..\Marlin-1.1.x\Marlin\pins_RAMPS.h">
      <Filter>Header Files</Filter>
    </ClInclude>
    <ClInclude Include="..\..\Marlin-1.1.x\Marlin\pins_RAMPS_13.h">
      <Filter>Header Files</Filter>
    </ClInclude>
    <ClInclude Include="..\..\Marlin-1.1.x\Marlin\pins_RAMPS_ENDER_4.h">
      <Filter>Header Files</Filter>
    </ClInclude>
    <ClInclude Include="..\..\Marlin-1.1.x\Marlin\pins_RAMPS_OLD.h">
      <Filter>Header Files</Filter>
    </ClInclude>
    <ClInclude Include="..\..\Marlin-1.1.x\Marlin\pins_RAMPS_PLUS.h">
      <Filter>Header Files</Filter>
    </ClInclude>
    <ClInclude Include="..\..\Marlin-1.1.x\Marlin\pins_RIGIDBOARD.h">
      <Filter>Header Files</Filter>
    </ClInclude>
    <ClInclude Include="..\..\Marlin-1.1.x\Marlin\pins_RIGIDBOARD_V2.h">
      <Filter>Header Files</Filter>
    </ClInclude>
    <ClInclude Include="..\..\Marlin-1.1.x\Marlin\pins_RUMBA.h">
      <Filter>Header Files</Filter>
    </ClInclude>
    <ClInclude Include="..\..\Marlin-1.1.x\Marlin\pins_SAINSMART_2IN1.h">
      <Filter>Header Files</Filter>
    </ClInclude>
    <ClInclude Include="..\..\Marlin-1.1.x\Marlin\pins_SANGUINOLOLU_11.h">
      <Filter>Header Files</Filter>
    </ClInclude>
    <ClInclude Include="..\..\Marlin-1.1.x\Marlin\pins_SANGUINOLOLU_12.h">
      <Filter>Header Files</Filter>
    </ClInclude>
    <ClInclude Include="..\..\Marlin-1.1.x\Marlin\pins_SAV_MKI.h">
      <Filter>Header Files</Filter>
    </ClInclude>
    <ClInclude Include="..\..\Marlin-1.1.x\Marlin\pins_SCOOVO_X9H.h">
      <Filter>Header Files</Filter>
    </ClInclude>
    <ClInclude Include="..\..\Marlin-1.1.x\Marlin\pins_SETHI.h">
      <Filter>Header Files</Filter>
    </ClInclude>
    <ClInclude Include="..\..\Marlin-1.1.x\Marlin\pins_SILVER_GATE.h">
      <Filter>Header Files</Filter>
    </ClInclude>
    <ClInclude Include="..\..\Marlin-1.1.x\Marlin\pins_STB_11.h">
      <Filter>Header Files</Filter>
    </ClInclude>
    <ClInclude Include="..\..\Marlin-1.1.x\Marlin\pins_TEENSY2.h">
      <Filter>Header Files</Filter>
    </ClInclude>
    <ClInclude Include="..\..\Marlin-1.1.x\Marlin\pins_TEENSYLU.h">
      <Filter>Header Files</Filter>
    </ClInclude>
    <ClInclude Include="..\..\Marlin-1.1.x\Marlin\pins_TRIGORILLA_13.h">
      <Filter>Header Files</Filter>
    </ClInclude>
    <ClInclude Include="..\..\Marlin-1.1.x\Marlin\pins_TRIGORILLA_14.h">
      <Filter>Header Files</Filter>
    </ClInclude>
    <ClInclude Include="..\..\Marlin-1.1.x\Marlin\pins_ULTIMAIN_2.h">
      <Filter>Header Files</Filter>
    </ClInclude>
    <ClInclude Include="..\..\Marlin-1.1.x\Marlin\pins_ULTIMAKER.h">
      <Filter>Header Files</Filter>
    </ClInclude>
    <ClInclude Include="..\..\Marlin-1.1.x\Marlin\pins_ULTIMAKER_OLD.h">
      <Filter>Header Files</Filter>
    </ClInclude>
    <ClInclude Include="..\..\Marlin-1.1.x\Marlin\pins_ZRIB_V20.h">
      <Filter>Header Files</Filter>
    </ClInclude>
    <ClInclude Include="..\..\Marlin-1.1.x\Marlin\pinsDebug.h">
      <Filter>Header Files</Filter>
    </ClInclude>
    <ClInclude Include="..\..\Marlin-1.1.x\Marlin\pinsDebug_list.h">
      <Filter>Header Files</Filter>
    </ClInclude>
    <ClInclude Include="..\..\Marlin-1.1.x\Marlin\pinsDebug_plus_70.h">
      <Filter>Header Files</Filter>
    </ClInclude>
    <ClInclude Include="..\..\Marlin-1.1.x\Marlin\pinsDebug_Teensyduino.h">
      <Filter>Header Files</Filter>
    </ClInclude>
    <ClInclude Include="..\..\Marlin-1.1.x\Marlin\planner.h">
      <Filter>Header Files</Filter>
    </ClInclude>
    <ClInclude Include="..\..\Marlin-1.1.x\Marlin\planner_bezier.h">
      <Filter>Header Files</Filter>
    </ClInclude>
    <ClInclude Include="..\..\Marlin-1.1.x\Marlin\point_t.h">
      <Filter>Header Files</Filter>
    </ClInclude>
    <ClInclude Include="..\..\Marlin-1.1.x\Marlin\power.h">
      <Filter>Header Files</Filter>
    </ClInclude>
    <ClInclude Include="..\..\Marlin-1.1.x\Marlin\power_loss_recovery.h">
      <Filter>Header Files</Filter>
    </ClInclude>
    <ClInclude Include="..\..\Marlin-1.1.x\Marlin\printcounter.h">
      <Filter>Header Files</Filter>
    </ClInclude>
    <ClInclude Include="..\..\Marlin-1.1.x\Marlin\runout.h">
      <Filter>Header Files</Filter>
    </ClInclude>
    <ClInclude Include="..\..\Marlin-1.1.x\Marlin\SanityCheck.h">
      <Filter>Header Files</Filter>
    </ClInclude>
    <ClInclude Include="..\..\Marlin-1.1.x\Marlin\Sd2Card.h">
      <Filter>Header Files</Filter>
    </ClInclude>
    <ClInclude Include="..\..\Marlin-1.1.x\Marlin\SdBaseFile.h">
      <Filter>Header Files</Filter>
    </ClInclude>
    <ClInclude Include="..\..\Marlin-1.1.x\Marlin\SdFatConfig.h">
      <Filter>Header Files</Filter>
    </ClInclude>
    <ClInclude Include="..\..\Marlin-1.1.x\Marlin\SdFatStructs.h">
      <Filter>Header Files</Filter>
    </ClInclude>
    <ClInclude Include="..\..\Marlin-1.1.x\Marlin\SdFatUtil.h">
      <Filter>Header Files</Filter>
    </ClInclude>
    <ClInclude Include="..\..\Marlin-1.1.x\Marlin\SdFile.h">
      <Filter>Header Files</Filter>
    </ClInclude>
    <ClInclude Include="..\..\Marlin-1.1.x\Marlin\SdInfo.h">
      <Filter>Header Files</Filter>
    </ClInclude>
    <ClInclude Include="..\..\Marlin-1.1.x\Marlin\SdVolume.h">
      <Filter>Header Files</Filter>
    </ClInclude>
    <ClInclude Include="..\..\Marlin-1.1.x\Marlin\serial.h">
      <Filter>Header Files</Filter>
    </ClInclude>
    <ClInclude Include="..\..\Marlin-1.1.x\Marlin\servo.h">
      <Filter>Header Files</Filter>
    </ClInclude>
    <ClInclude Include="..\..\Marlin-1.1.x\Marlin\softspi.h">
      <Filter>Header Files</Filter>
    </ClInclude>
    <ClInclude Include="..\..\Marlin-1.1.x\Marlin\speed_lookuptable.h">
      <Filter>Header Files</Filter>
    </ClInclude>
    <ClInclude Include="..\..\Marlin-1.1.x\Marlin\status_screen_DOGM.h">
      <Filter>Header Files</Filter>
    </ClInclude>
    <ClInclude Include="..\..\Marlin-1.1.x\Marlin\status_screen_lite_ST7920.h">
      <Filter>Header Files</Filter>
    </ClInclude>
    <ClInclude Include="..\..\Marlin-1.1.x\Marlin\status_screen_lite_ST7920_class.h">
      <Filter>Header Files</Filter>
    </ClInclude>
    <ClInclude Include="..\..\Marlin-1.1.x\Marlin\status_screen_lite_ST7920_spi.h">
      <Filter>Header Files</Filter>
    </ClInclude>
    <ClInclude Include="..\..\Marlin-1.1.x\Marlin\stepper.h">
      <Filter>Header Files</Filter>
    </ClInclude>
    <ClInclude Include="..\..\Marlin-1.1.x\Marlin\stepper_dac.h">
      <Filter>Header Files</Filter>
    </ClInclude>
    <ClInclude Include="..\..\Marlin-1.1.x\Marlin\stepper_indirection.h">
      <Filter>Header Files</Filter>
    </ClInclude>
    <ClInclude Include="..\..\Marlin-1.1.x\Marlin\stopwatch.h">
      <Filter>Header Files</Filter>
    </ClInclude>
    <ClInclude Include="..\..\Marlin-1.1.x\Marlin\temperature.h">
      <Filter>Header Files</Filter>
    </ClInclude>
    <ClInclude Include="..\..\Marlin-1.1.x\Marlin\thermistornames.h">
      <Filter>Header Files</Filter>
    </ClInclude>
    <ClInclude Include="..\..\Marlin-1.1.x\Marlin\thermistortable_1.h">
      <Filter>Header Files</Filter>
    </ClInclude>
    <ClInclude Include="..\..\Marlin-1.1.x\Marlin\thermistortable_2.h">
      <Filter>Header Files</Filter>
    </ClInclude>
    <ClInclude Include="..\..\Marlin-1.1.x\Marlin\thermistortable_3.h">
      <Filter>Header Files</Filter>
    </ClInclude>
    <ClInclude Include="..\..\Marlin-1.1.x\Marlin\thermistortable_4.h">
      <Filter>Header Files</Filter>
    </ClInclude>
    <ClInclude Include="..\..\Marlin-1.1.x\Marlin\thermistortable_5.h">
      <Filter>Header Files</Filter>
    </ClInclude>
    <ClInclude Include="..\..\Marlin-1.1.x\Marlin\thermistortable_6.h">
      <Filter>Header Files</Filter>
    </ClInclude>
    <ClInclude Include="..\..\Marlin-1.1.x\Marlin\thermistortable_7.h">
      <Filter>Header Files</Filter>
    </ClInclude>
    <ClInclude Include="..\..\Marlin-1.1.x\Marlin\thermistortable_8.h">
      <Filter>Header Files</Filter>
    </ClInclude>
    <ClInclude Include="..\..\Marlin-1.1.x\Marlin\thermistortable_9.h">
      <Filter>Header Files</Filter>
    </ClInclude>
    <ClInclude Include="..\..\Marlin-1.1.x\Marlin\thermistortable_10.h">
      <Filter>Header Files</Filter>
    </ClInclude>
    <ClInclude Include="..\..\Marlin-1.1.x\Marlin\thermistortable_11.h">
      <Filter>Header Files</Filter>
    </ClInclude>
    <ClInclude Include="..\..\Marlin-1.1.x\Marlin\thermistortable_12.h">
      <Filter>Header Files</Filter>
    </ClInclude>
    <ClInclude Include="..\..\Marlin-1.1.x\Marlin\thermistortable_13.h">
      <Filter>Header Files</Filter>
    </ClInclude>
    <ClInclude Include="..\..\Marlin-1.1.x\Marlin\thermistortable_15.h">
      <Filter>Header Files</Filter>
    </ClInclude>
    <ClInclude Include="..\..\Marlin-1.1.x\Marlin\thermistortable_20.h">
      <Filter>Header Files</Filter>
    </ClInclude>
    <ClInclude Include="..\..\Marlin-1.1.x\Marlin\thermistortable_51.h">
      <Filter>Header Files</Filter>
    </ClInclude>
    <ClInclude Include="..\..\Marlin-1.1.x\Marlin\thermistortable_52.h">
      <Filter>Header Files</Filter>
    </ClInclude>
    <ClInclude Include="..\..\Marlin-1.1.x\Marlin\thermistortable_55.h">
      <Filter>Header Files</Filter>
    </ClInclude>
    <ClInclude Include="..\..\Marlin-1.1.x\Marlin\thermistortable_60.h">
      <Filter>Header Files</Filter>
    </ClInclude>
    <ClInclude Include="..\..\Marlin-1.1.x\Marlin\thermistortable_66.h">
      <Filter>Header Files</Filter>
    </ClInclude>
    <ClInclude Include="..\..\Marlin-1.1.x\Marlin\thermistortable_70.h">
      <Filter>Header Files</Filter>
    </ClInclude>
    <ClInclude Include="..\..\Marlin-1.1.x\Marlin\thermistortable_71.h">
      <Filter>Header Files</Filter>
    </ClInclude>
    <ClInclude Include="..\..\Marlin-1.1.x\Marlin\thermistortable_75.h">
      <Filter>Header Files</Filter>
    </ClInclude>
    <ClInclude Include="..\..\Marlin-1.1.x\Marlin\thermistortable_110.h">
      <Filter>Header Files</Filter>
    </ClInclude>
    <ClInclude Include="..\..\Marlin-1.1.x\Marlin\thermistortable_147.h">
      <Filter>Header Files</Filter>
    </ClInclude>
    <ClInclude Include="..\..\Marlin-1.1.x\Marlin\thermistortable_501.h">
      <Filter>Header Files</Filter>
    </ClInclude>
    <ClInclude Include="..\..\Marlin-1.1.x\Marlin\thermistortable_998.h">
      <Filter>Header Files</Filter>
    </ClInclude>
    <ClInclude Include="..\..\Marlin-1.1.x\Marlin\thermistortable_999.h">
      <Filter>Header Files</Filter>
    </ClInclude>
    <ClInclude Include="..\..\Marlin-1.1.x\Marlin\thermistortable_1010.h">
      <Filter>Header Files</Filter>
    </ClInclude>
    <ClInclude Include="..\..\Marlin-1.1.x\Marlin\thermistortable_1047.h">
      <Filter>Header Files</Filter>
    </ClInclude>
    <ClInclude Include="..\..\Marlin-1.1.x\Marlin\thermistortables.h">
      <Filter>Header Files</Filter>
    </ClInclude>
    <ClInclude Include="..\..\Marlin-1.1.x\Marlin\tmc_util.h">
      <Filter>Header Files</Filter>
    </ClInclude>
    <ClInclude Include="..\..\Marlin-1.1.x\Marlin\twibus.h">
      <Filter>Header Files</Filter>
    </ClInclude>
    <ClInclude Include="..\..\Marlin-1.1.x\Marlin\types.h">
      <Filter>Header Files</Filter>
    </ClInclude>
    <ClInclude Include="..\..\Marlin-1.1.x\Marlin\ubl.h">
      <Filter>Header Files</Filter>
    </ClInclude>
    <ClInclude Include="..\..\Marlin-1.1.x\Marlin\ultralcd.h">
      <Filter>Header Files</Filter>
    </ClInclude>
    <ClInclude Include="..\..\Marlin-1.1.x\Marlin\ultralcd_impl_DOGM.h">
      <Filter>Header Files</Filter>
    </ClInclude>
    <ClInclude Include="..\..\Marlin-1.1.x\Marlin\ultralcd_impl_HD44780.h">
      <Filter>Header Files</Filter>
    </ClInclude>
    <ClInclude Include="..\..\Marlin-1.1.x\Marlin\ultralcd_st7565_u8glib_VIKI.h">
      <Filter>Header Files</Filter>
    </ClInclude>
    <ClInclude Include="..\..\Marlin-1.1.x\Marlin\ultralcd_st7920_u8glib_rrd.h">
      <Filter>Header Files</Filter>
    </ClInclude>
    <ClInclude Include="..\..\Marlin-1.1.x\Marlin\utf_mapper.h">
      <Filter>Header Files</Filter>
    </ClInclude>
    <ClInclude Include="..\..\Marlin-1.1.x\Marlin\utility.h">
      <Filter>Header Files</Filter>
    </ClInclude>
    <ClInclude Include="..\..\Marlin-1.1.x\Marlin\vector_3.h">
      <Filter>Header Files</Filter>
    </ClInclude>
    <ClInclude Include="..\..\Marlin-1.1.x\Marlin\Version.h">
      <Filter>Header Files</Filter>
    </ClInclude>
    <ClInclude Include="..\..\Marlin-1.1.x\Marlin\watchdog.h">
      <Filter>Header Files</Filter>
    </ClInclude>
  </ItemGroup>
  <ItemGroup>
    <ClCompile Include="..\..\Marlin-1.1.x\Marlin\blinkm.cpp">
      <Filter>Source Files</Filter>
    </ClCompile>
    <ClCompile Include="..\..\Marlin-1.1.x\Marlin\cardreader.cpp">
      <Filter>Source Files</Filter>
    </ClCompile>
    <ClCompile Include="..\..\Marlin-1.1.x\Marlin\configuration_store.cpp">
      <Filter>Source Files</Filter>
    </ClCompile>
    <ClCompile Include="..\..\Marlin-1.1.x\Marlin\dac_mcp4728.cpp">
      <Filter>Source Files</Filter>
    </ClCompile>
    <ClCompile Include="..\..\Marlin-1.1.x\Marlin\digipot_mcp4018.cpp">
      <Filter>Source Files</Filter>
    </ClCompile>
    <ClCompile Include="..\..\Marlin-1.1.x\Marlin\digipot_mcp4451.cpp">
      <Filter>Source Files</Filter>
    </ClCompile>
    <ClCompile Include="..\..\Marlin-1.1.x\Marlin\emergency_parser.cpp">
      <Filter>Source Files</Filter>
    </ClCompile>
    <ClCompile Include="..\..\Marlin-1.1.x\Marlin\endstops.cpp">
      <Filter>Source Files</Filter>
    </ClCompile>
    <ClCompile Include="..\..\Marlin-1.1.x\Marlin\fwretract.cpp">
      <Filter>Source Files</Filter>
    </ClCompile>
    <ClCompile Include="..\..\Marlin-1.1.x\Marlin\G26_Mesh_Validation_Tool.cpp">
      <Filter>Source Files</Filter>
    </ClCompile>
    <ClCompile Include="..\..\Marlin-1.1.x\Marlin\hex_print_routines.cpp">
      <Filter>Source Files</Filter>
    </ClCompile>
    <ClCompile Include="..\..\Marlin-1.1.x\Marlin\I2CPositionEncoder.cpp">
      <Filter>Source Files</Filter>
    </ClCompile>
    <ClCompile Include="..\..\Marlin-1.1.x\Marlin\least_squares_fit.cpp">
      <Filter>Source Files</Filter>
    </ClCompile>
    <ClCompile Include="..\..\Marlin-1.1.x\Marlin\leds.cpp">
      <Filter>Source Files</Filter>
    </ClCompile>
    <ClCompile Include="..\..\Marlin-1.1.x\Marlin\M100_Free_Mem_Chk.cpp">
      <Filter>Source Files</Filter>
    </ClCompile>
    <ClCompile Include="..\..\Marlin-1.1.x\Marlin\malyanlcd.cpp">
      <Filter>Source Files</Filter>
    </ClCompile>
    <ClCompile Include="..\..\Marlin-1.1.x\Marlin\Marlin_main.cpp">
      <Filter>Source Files</Filter>
    </ClCompile>
    <ClCompile Include="..\..\Marlin-1.1.x\Marlin\MarlinSerial.cpp">
      <Filter>Source Files</Filter>
    </ClCompile>
    <ClCompile Include="..\..\Marlin-1.1.x\Marlin\Max7219_Debug_LEDs.cpp">
      <Filter>Source Files</Filter>
    </ClCompile>
    <ClCompile Include="..\..\Marlin-1.1.x\Marlin\mesh_bed_leveling.cpp">
      <Filter>Source Files</Filter>
    </ClCompile>
    <ClCompile Include="..\..\Marlin-1.1.x\Marlin\neopixel.cpp">
      <Filter>Source Files</Filter>
    </ClCompile>
    <ClCompile Include="..\..\Marlin-1.1.x\Marlin\nozzle.cpp">
      <Filter>Source Files</Filter>
    </ClCompile>
    <ClCompile Include="..\..\Marlin-1.1.x\Marlin\parser.cpp">
      <Filter>Source Files</Filter>
    </ClCompile>
    <ClCompile Include="..\..\Marlin-1.1.x\Marlin\pca9632.cpp">
      <Filter>Source Files</Filter>
    </ClCompile>
    <ClCompile Include="..\..\Marlin-1.1.x\Marlin\planner.cpp">
      <Filter>Source Files</Filter>
    </ClCompile>
    <ClCompile Include="..\..\Marlin-1.1.x\Marlin\planner_bezier.cpp">
      <Filter>Source Files</Filter>
    </ClCompile>
    <ClCompile Include="..\..\Marlin-1.1.x\Marlin\power.cpp">
      <Filter>Source Files</Filter>
    </ClCompile>
    <ClCompile Include="..\..\Marlin-1.1.x\Marlin\power_loss_recovery.cpp">
      <Filter>Source Files</Filter>
    </ClCompile>
    <ClCompile Include="..\..\Marlin-1.1.x\Marlin\printcounter.cpp">
      <Filter>Source Files</Filter>
    </ClCompile>
    <ClCompile Include="..\..\Marlin-1.1.x\Marlin\runout.cpp">
      <Filter>Source Files</Filter>
    </ClCompile>
    <ClCompile Include="..\..\Marlin-1.1.x\Marlin\Sd2Card.cpp">
      <Filter>Source Files</Filter>
    </ClCompile>
    <ClCompile Include="..\..\Marlin-1.1.x\Marlin\SdBaseFile.cpp">
      <Filter>Source Files</Filter>
    </ClCompile>
    <ClCompile Include="..\..\Marlin-1.1.x\Marlin\SdFatUtil.cpp">
      <Filter>Source Files</Filter>
    </ClCompile>
    <ClCompile Include="..\..\Marlin-1.1.x\Marlin\SdFile.cpp">
      <Filter>Source Files</Filter>
    </ClCompile>
    <ClCompile Include="..\..\Marlin-1.1.x\Marlin\SdVolume.cpp">
      <Filter>Source Files</Filter>
    </ClCompile>
    <ClCompile Include="..\..\Marlin-1.1.x\Marlin\serial.cpp">
      <Filter>Source Files</Filter>
    </ClCompile>
    <ClCompile Include="..\..\Marlin-1.1.x\Marlin\servo.cpp">
      <Filter>Source Files</Filter>
    </ClCompile>
    <ClCompile Include="..\..\Marlin-1.1.x\Marlin\stepper.cpp">
      <Filter>Source Files</Filter>
    </ClCompile>
    <ClCompile Include="..\..\Marlin-1.1.x\Marlin\stepper_dac.cpp">
      <Filter>Source Files</Filter>
    </ClCompile>
    <ClCompile Include="..\..\Marlin-1.1.x\Marlin\stepper_indirection.cpp">
      <Filter>Source Files</Filter>
    </ClCompile>
    <ClCompile Include="..\..\Marlin-1.1.x\Marlin\stopwatch.cpp">
      <Filter>Source Files</Filter>
    </ClCompile>
    <ClCompile Include="..\..\Marlin-1.1.x\Marlin\temperature.cpp">
      <Filter>Source Files</Filter>
    </ClCompile>
    <ClCompile Include="..\..\Marlin-1.1.x\Marlin\tmc_util.cpp">
      <Filter>Source Files</Filter>
    </ClCompile>
    <ClCompile Include="..\..\Marlin-1.1.x\Marlin\twibus.cpp">
      <Filter>Source Files</Filter>
    </ClCompile>
    <ClCompile Include="..\..\Marlin-1.1.x\Marlin\ubl.cpp">
      <Filter>Source Files</Filter>
    </ClCompile>
    <ClCompile Include="..\..\Marlin-1.1.x\Marlin\ubl_G29.cpp">
      <Filter>Source Files</Filter>
    </ClCompile>
    <ClCompile Include="..\..\Marlin-1.1.x\Marlin\ubl_motion.cpp">
      <Filter>Source Files</Filter>
    </ClCompile>
    <ClCompile Include="..\..\Marlin-1.1.x\Marlin\ultralcd.cpp">
      <Filter>Source Files</Filter>
    </ClCompile>
    <ClCompile Include="..\..\Marlin-1.1.x\Marlin\utility.cpp">
      <Filter>Source Files</Filter>
    </ClCompile>
    <ClCompile Include="..\..\Marlin-1.1.x\Marlin\vector_3.cpp">
      <Filter>Source Files</Filter>
    </ClCompile>
    <ClCompile Include="..\..\Marlin-1.1.x\Marlin\watchdog.cpp">
      <Filter>Source Files</Filter>
    </ClCompile>
  </ItemGroup>
</Project>